
Microsoft Visual Studio Solution File, Format Version 12.00
# Visual Studio Version 17
VisualStudioVersion = 17.14.36327.8 d17.14
MinimumVisualStudioVersion = 10.0.40219.1
Project("{FAE04EC0-301F-11D3-BF4B-00C04F79EFBC}") = "WindowsForms", "WindowsForms.csproj", "{7801B9B1-8F9C-AAB9-8D46-62D0DDEC5F51}"
EndProject
Project("{FAE04EC0-301F-11D3-BF4B-00C04F79EFBC}") = "tp-carpool", "..\tp-carpool\tp-carpool.csproj", "{D52B2919-2F38-BC19-913D-A7E6E563FD76}"
EndProject
Project("{FAE04EC0-301F-11D3-BF4B-00C04F79EFBC}") = "ApplicationServicesTp", "..\ApplicationServicesTp\ApplicationServicesTp.csproj", "{474B8F8C-0EDD-4E69-BD63-8D61D570A46D}"
EndProject
Project("{FAE04EC0-301F-11D3-BF4B-00C04F79EFBC}") = "DTOsTp", "..\DTOsTp\DTOsTp.csproj", "{C1A14220-540A-490F-82A1-AFE811A75A56}"
EndProject
Project("{FAE04EC0-301F-11D3-BF4B-00C04F79EFBC}") = "DataTp", "..\DataTp\DataTp.csproj", "{BB588EE6-FA1F-4270-9F41-B946F441EBD6}"
EndProject
Project("{FAE04EC0-301F-11D3-BF4B-00C04F79EFBC}") = "DomainModelTp", "..\DomainModelTp\DomainModelTp.csproj", "{1A90EC56-849B-4CFF-8757-D800311FA496}"
EndProject
Project("{FAE04EC0-301F-11D3-BF4B-00C04F79EFBC}") = "APILoc", "..\LocalidadApiLoc\APILoc.csproj", "{299A3D2C-827A-4736-91A1-147202B54870}"
EndProject
Global
	GlobalSection(SolutionConfigurationPlatforms) = preSolution
		Debug|Any CPU = Debug|Any CPU
		Release|Any CPU = Release|Any CPU
	EndGlobalSection
	GlobalSection(ProjectConfigurationPlatforms) = postSolution
		{7801B9B1-8F9C-AAB9-8D46-62D0DDEC5F51}.Debug|Any CPU.ActiveCfg = Debug|Any CPU
		{7801B9B1-8F9C-AAB9-8D46-62D0DDEC5F51}.Debug|Any CPU.Build.0 = Debug|Any CPU
		{7801B9B1-8F9C-AAB9-8D46-62D0DDEC5F51}.Release|Any CPU.ActiveCfg = Release|Any CPU
		{7801B9B1-8F9C-AAB9-8D46-62D0DDEC5F51}.Release|Any CPU.Build.0 = Release|Any CPU
		{D52B2919-2F38-BC19-913D-A7E6E563FD76}.Debug|Any CPU.ActiveCfg = Debug|Any CPU
		{D52B2919-2F38-BC19-913D-A7E6E563FD76}.Debug|Any CPU.Build.0 = Debug|Any CPU
		{D52B2919-2F38-BC19-913D-A7E6E563FD76}.Release|Any CPU.ActiveCfg = Release|Any CPU
		{D52B2919-2F38-BC19-913D-A7E6E563FD76}.Release|Any CPU.Build.0 = Release|Any CPU
		{474B8F8C-0EDD-4E69-BD63-8D61D570A46D}.Debug|Any CPU.ActiveCfg = Debug|Any CPU
		{474B8F8C-0EDD-4E69-BD63-8D61D570A46D}.Debug|Any CPU.Build.0 = Debug|Any CPU
		{474B8F8C-0EDD-4E69-BD63-8D61D570A46D}.Release|Any CPU.ActiveCfg = Release|Any CPU
		{474B8F8C-0EDD-4E69-BD63-8D61D570A46D}.Release|Any CPU.Build.0 = Release|Any CPU
		{C1A14220-540A-490F-82A1-AFE811A75A56}.Debug|Any CPU.ActiveCfg = Debug|Any CPU
		{C1A14220-540A-490F-82A1-AFE811A75A56}.Debug|Any CPU.Build.0 = Debug|Any CPU
		{C1A14220-540A-490F-82A1-AFE811A75A56}.Release|Any CPU.ActiveCfg = Release|Any CPU
		{C1A14220-540A-490F-82A1-AFE811A75A56}.Release|Any CPU.Build.0 = Release|Any CPU
		{BB588EE6-FA1F-4270-9F41-B946F441EBD6}.Debug|Any CPU.ActiveCfg = Debug|Any CPU
		{BB588EE6-FA1F-4270-9F41-B946F441EBD6}.Debug|Any CPU.Build.0 = Debug|Any CPU
		{BB588EE6-FA1F-4270-9F41-B946F441EBD6}.Release|Any CPU.ActiveCfg = Release|Any CPU
		{BB588EE6-FA1F-4270-9F41-B946F441EBD6}.Release|Any CPU.Build.0 = Release|Any CPU
		{1A90EC56-849B-4CFF-8757-D800311FA496}.Debug|Any CPU.ActiveCfg = Debug|Any CPU
		{1A90EC56-849B-4CFF-8757-D800311FA496}.Debug|Any CPU.Build.0 = Debug|Any CPU
		{1A90EC56-849B-4CFF-8757-D800311FA496}.Release|Any CPU.ActiveCfg = Release|Any CPU
		{1A90EC56-849B-4CFF-8757-D800311FA496}.Release|Any CPU.Build.0 = Release|Any CPU
		{299A3D2C-827A-4736-91A1-147202B54870}.Debug|Any CPU.ActiveCfg = Debug|Any CPU
		{299A3D2C-827A-4736-91A1-147202B54870}.Debug|Any CPU.Build.0 = Debug|Any CPU
		{299A3D2C-827A-4736-91A1-147202B54870}.Release|Any CPU.ActiveCfg = Release|Any CPU
		{299A3D2C-827A-4736-91A1-147202B54870}.Release|Any CPU.Build.0 = Release|Any CPU
	EndGlobalSection
	GlobalSection(SolutionProperties) = preSolution
		HideSolutionNode = FALSE
	EndGlobalSection
	GlobalSection(ExtensibilityGlobals) = postSolution
		SolutionGuid = {5376ADF7-DF30-4A06-BFA1-689102716204}
	EndGlobalSection
EndGlobal
